// !$*UTF8*$!
{
	archiveVersion = 1;
	classes = {
	};
	objectVersion = 46;
	objects = {

/* Begin PBXBuildFile section */
		34D224571E4C2C5D004FF1A4 /* main.m in Sources */ = {isa = PBXBuildFile; fileRef = 34D224561E4C2C5D004FF1A4 /* main.m */; };
		34D2245A1E4C2C5D004FF1A4 /* AppDelegate.m in Sources */ = {isa = PBXBuildFile; fileRef = 34D224591E4C2C5D004FF1A4 /* AppDelegate.m */; };
		34D2245D1E4C2C5D004FF1A4 /* ViewController.m in Sources */ = {isa = PBXBuildFile; fileRef = 34D2245C1E4C2C5D004FF1A4 /* ViewController.m */; };
		34D224601E4C2C5D004FF1A4 /* Main.storyboard in Resources */ = {isa = PBXBuildFile; fileRef = 34D2245E1E4C2C5D004FF1A4 /* Main.storyboard */; };
		34D224621E4C2C5D004FF1A4 /* Assets.xcassets in Resources */ = {isa = PBXBuildFile; fileRef = 34D224611E4C2C5D004FF1A4 /* Assets.xcassets */; };
		34D224651E4C2C5D004FF1A4 /* LaunchScreen.storyboard in Resources */ = {isa = PBXBuildFile; fileRef = 34D224631E4C2C5D004FF1A4 /* LaunchScreen.storyboard */; };
		34D224701E4C2C5D004FF1A4 /* WFAssignmentTests.m in Sources */ = {isa = PBXBuildFile; fileRef = 34D2246F1E4C2C5D004FF1A4 /* WFAssignmentTests.m */; };
		34D2247B1E4C2C5D004FF1A4 /* WFAssignmentUITests.m in Sources */ = {isa = PBXBuildFile; fileRef = 34D2247A1E4C2C5D004FF1A4 /* WFAssignmentUITests.m */; };
		34D2248F1E4C3FB4004FF1A4 /* ReservationCollectionViewCell.m in Sources */ = {isa = PBXBuildFile; fileRef = 34D2248D1E4C3FB4004FF1A4 /* ReservationCollectionViewCell.m */; };
		34D224901E4C3FB4004FF1A4 /* ReservationCollectionViewCell.xib in Resources */ = {isa = PBXBuildFile; fileRef = 34D2248E1E4C3FB4004FF1A4 /* ReservationCollectionViewCell.xib */; };
		34D224941E4C6647004FF1A4 /* page1.png in Resources */ = {isa = PBXBuildFile; fileRef = 34D224931E4C6647004FF1A4 /* page1.png */; };
		34D224961E4C664E004FF1A4 /* page2.png in Resources */ = {isa = PBXBuildFile; fileRef = 34D224951E4C664E004FF1A4 /* page2.png */; };
		34D224981E4C6652004FF1A4 /* page3.png in Resources */ = {isa = PBXBuildFile; fileRef = 34D224971E4C6652004FF1A4 /* page3.png */; };
		34D2249B1E4C66A9004FF1A4 /* ServiceViewController.m in Sources */ = {isa = PBXBuildFile; fileRef = 34D2249A1E4C66A9004FF1A4 /* ServiceViewController.m */; };
		34D2249E1E4C7CBD004FF1A4 /* ServiceTableViewCell.m in Sources */ = {isa = PBXBuildFile; fileRef = 34D2249D1E4C7CBD004FF1A4 /* ServiceTableViewCell.m */; };
		34D224A21E4CFB77004FF1A4 /* ScheduleViewController.m in Sources */ = {isa = PBXBuildFile; fileRef = 34D224A11E4CFB77004FF1A4 /* ScheduleViewController.m */; };
		34D224A61E4CFCFB004FF1A4 /* InfomationTableViewCell.m in Sources */ = {isa = PBXBuildFile; fileRef = 34D224A51E4CFCFB004FF1A4 /* InfomationTableViewCell.m */; };
		34D224A91E4D2E0D004FF1A4 /* MonthTableViewCell.m in Sources */ = {isa = PBXBuildFile; fileRef = 34D224A81E4D2E0D004FF1A4 /* MonthTableViewCell.m */; };
		34D224AE1E4D310F004FF1A4 /* DateCollectionViewCell.m in Sources */ = {isa = PBXBuildFile; fileRef = 34D224AC1E4D310F004FF1A4 /* DateCollectionViewCell.m */; };
		34D224AF1E4D310F004FF1A4 /* DateCollectionViewCell.xib in Resources */ = {isa = PBXBuildFile; fileRef = 34D224AD1E4D310F004FF1A4 /* DateCollectionViewCell.xib */; };
		34D224B21E4D6341004FF1A4 /* TimeCollectionViewCell.m in Sources */ = {isa = PBXBuildFile; fileRef = 34D224B11E4D6341004FF1A4 /* TimeCollectionViewCell.m */; };
		34D224B51E4D6377004FF1A4 /* TimeTableViewCell.m in Sources */ = {isa = PBXBuildFile; fileRef = 34D224B41E4D6377004FF1A4 /* TimeTableViewCell.m */; };
/* End PBXBuildFile section */

/* Begin PBXContainerItemProxy section */
		34D2246C1E4C2C5D004FF1A4 /* PBXContainerItemProxy */ = {
			isa = PBXContainerItemProxy;
			containerPortal = 34D2244A1E4C2C5D004FF1A4 /* Project object */;
			proxyType = 1;
			remoteGlobalIDString = 34D224511E4C2C5D004FF1A4;
			remoteInfo = WFAssignment;
		};
		34D224771E4C2C5D004FF1A4 /* PBXContainerItemProxy */ = {
			isa = PBXContainerItemProxy;
			containerPortal = 34D2244A1E4C2C5D004FF1A4 /* Project object */;
			proxyType = 1;
			remoteGlobalIDString = 34D224511E4C2C5D004FF1A4;
			remoteInfo = WFAssignment;
		};
/* End PBXContainerItemProxy section */

/* Begin PBXFileReference section */
		34D224521E4C2C5D004FF1A4 /* WFAssignment.app */ = {isa = PBXFileReference; explicitFileType = wrapper.application; includeInIndex = 0; path = WFAssignment.app; sourceTree = BUILT_PRODUCTS_DIR; };
		34D224561E4C2C5D004FF1A4 /* main.m */ = {isa = PBXFileReference; lastKnownFileType = sourcecode.c.objc; path = main.m; sourceTree = "<group>"; };
		34D224581E4C2C5D004FF1A4 /* AppDelegate.h */ = {isa = PBXFileReference; lastKnownFileType = sourcecode.c.h; path = AppDelegate.h; sourceTree = "<group>"; };
		34D224591E4C2C5D004FF1A4 /* AppDelegate.m */ = {isa = PBXFileReference; lastKnownFileType = sourcecode.c.objc; path = AppDelegate.m; sourceTree = "<group>"; };
		34D2245B1E4C2C5D004FF1A4 /* ViewController.h */ = {isa = PBXFileReference; lastKnownFileType = sourcecode.c.h; path = ViewController.h; sourceTree = "<group>"; };
		34D2245C1E4C2C5D004FF1A4 /* ViewController.m */ = {isa = PBXFileReference; lastKnownFileType = sourcecode.c.objc; path = ViewController.m; sourceTree = "<group>"; };
		34D2245F1E4C2C5D004FF1A4 /* Base */ = {isa = PBXFileReference; lastKnownFileType = file.storyboard; name = Base; path = Base.lproj/Main.storyboard; sourceTree = "<group>"; };
		34D224611E4C2C5D004FF1A4 /* Assets.xcassets */ = {isa = PBXFileReference; lastKnownFileType = folder.assetcatalog; path = Assets.xcassets; sourceTree = "<group>"; };
		34D224641E4C2C5D004FF1A4 /* Base */ = {isa = PBXFileReference; lastKnownFileType = file.storyboard; name = Base; path = Base.lproj/LaunchScreen.storyboard; sourceTree = "<group>"; };
		34D224661E4C2C5D004FF1A4 /* Info.plist */ = {isa = PBXFileReference; lastKnownFileType = text.plist.xml; path = Info.plist; sourceTree = "<group>"; };
		34D2246B1E4C2C5D004FF1A4 /* WFAssignmentTests.xctest */ = {isa = PBXFileReference; explicitFileType = wrapper.cfbundle; includeInIndex = 0; path = WFAssignmentTests.xctest; sourceTree = BUILT_PRODUCTS_DIR; };
		34D2246F1E4C2C5D004FF1A4 /* WFAssignmentTests.m */ = {isa = PBXFileReference; lastKnownFileType = sourcecode.c.objc; path = WFAssignmentTests.m; sourceTree = "<group>"; };
		34D224711E4C2C5D004FF1A4 /* Info.plist */ = {isa = PBXFileReference; lastKnownFileType = text.plist.xml; path = Info.plist; sourceTree = "<group>"; };
		34D224761E4C2C5D004FF1A4 /* WFAssignmentUITests.xctest */ = {isa = PBXFileReference; explicitFileType = wrapper.cfbundle; includeInIndex = 0; path = WFAssignmentUITests.xctest; sourceTree = BUILT_PRODUCTS_DIR; };
		34D2247A1E4C2C5D004FF1A4 /* WFAssignmentUITests.m */ = {isa = PBXFileReference; lastKnownFileType = sourcecode.c.objc; path = WFAssignmentUITests.m; sourceTree = "<group>"; };
		34D2247C1E4C2C5D004FF1A4 /* Info.plist */ = {isa = PBXFileReference; lastKnownFileType = text.plist.xml; path = Info.plist; sourceTree = "<group>"; };
		34D2248C1E4C3FB4004FF1A4 /* ReservationCollectionViewCell.h */ = {isa = PBXFileReference; fileEncoding = 4; lastKnownFileType = sourcecode.c.h; path = ReservationCollectionViewCell.h; sourceTree = "<group>"; };
		34D2248D1E4C3FB4004FF1A4 /* ReservationCollectionViewCell.m */ = {isa = PBXFileReference; fileEncoding = 4; lastKnownFileType = sourcecode.c.objc; path = ReservationCollectionViewCell.m; sourceTree = "<group>"; };
		34D2248E1E4C3FB4004FF1A4 /* ReservationCollectionViewCell.xib */ = {isa = PBXFileReference; fileEncoding = 4; lastKnownFileType = file.xib; path = ReservationCollectionViewCell.xib; sourceTree = "<group>"; };
		34D224931E4C6647004FF1A4 /* page1.png */ = {isa = PBXFileReference; lastKnownFileType = image.png; path = page1.png; sourceTree = "<group>"; };
		34D224951E4C664E004FF1A4 /* page2.png */ = {isa = PBXFileReference; lastKnownFileType = image.png; path = page2.png; sourceTree = "<group>"; };
		34D224971E4C6652004FF1A4 /* page3.png */ = {isa = PBXFileReference; lastKnownFileType = image.png; path = page3.png; sourceTree = "<group>"; };
		34D224991E4C66A9004FF1A4 /* ServiceViewController.h */ = {isa = PBXFileReference; fileEncoding = 4; lastKnownFileType = sourcecode.c.h; path = ServiceViewController.h; sourceTree = "<group>"; };
		34D2249A1E4C66A9004FF1A4 /* ServiceViewController.m */ = {isa = PBXFileReference; fileEncoding = 4; lastKnownFileType = sourcecode.c.objc; path = ServiceViewController.m; sourceTree = "<group>"; };
		34D2249C1E4C7CBD004FF1A4 /* ServiceTableViewCell.h */ = {isa = PBXFileReference; fileEncoding = 4; lastKnownFileType = sourcecode.c.h; path = ServiceTableViewCell.h; sourceTree = "<group>"; };
		34D2249D1E4C7CBD004FF1A4 /* ServiceTableViewCell.m */ = {isa = PBXFileReference; fileEncoding = 4; lastKnownFileType = sourcecode.c.objc; path = ServiceTableViewCell.m; sourceTree = "<group>"; };
		34D224A01E4CFB77004FF1A4 /* ScheduleViewController.h */ = {isa = PBXFileReference; fileEncoding = 4; lastKnownFileType = sourcecode.c.h; path = ScheduleViewController.h; sourceTree = "<group>"; };
		34D224A11E4CFB77004FF1A4 /* ScheduleViewController.m */ = {isa = PBXFileReference; fileEncoding = 4; lastKnownFileType = sourcecode.c.objc; path = ScheduleViewController.m; sourceTree = "<group>"; };
		34D224A41E4CFCFB004FF1A4 /* InfomationTableViewCell.h */ = {isa = PBXFileReference; fileEncoding = 4; lastKnownFileType = sourcecode.c.h; path = InfomationTableViewCell.h; sourceTree = "<group>"; };
		34D224A51E4CFCFB004FF1A4 /* InfomationTableViewCell.m */ = {isa = PBXFileReference; fileEncoding = 4; lastKnownFileType = sourcecode.c.objc; path = InfomationTableViewCell.m; sourceTree = "<group>"; };
		34D224A71E4D2E0D004FF1A4 /* MonthTableViewCell.h */ = {isa = PBXFileReference; fileEncoding = 4; lastKnownFileType = sourcecode.c.h; path = MonthTableViewCell.h; sourceTree = "<group>"; };
		34D224A81E4D2E0D004FF1A4 /* MonthTableViewCell.m */ = {isa = PBXFileReference; fileEncoding = 4; lastKnownFileType = sourcecode.c.objc; path = MonthTableViewCell.m; sourceTree = "<group>"; };
		34D224AB1E4D310F004FF1A4 /* DateCollectionViewCell.h */ = {isa = PBXFileReference; fileEncoding = 4; lastKnownFileType = sourcecode.c.h; path = DateCollectionViewCell.h; sourceTree = "<group>"; };
		34D224AC1E4D310F004FF1A4 /* DateCollectionViewCell.m */ = {isa = PBXFileReference; fileEncoding = 4; lastKnownFileType = sourcecode.c.objc; path = DateCollectionViewCell.m; sourceTree = "<group>"; };
		34D224AD1E4D310F004FF1A4 /* DateCollectionViewCell.xib */ = {isa = PBXFileReference; fileEncoding = 4; lastKnownFileType = file.xib; path = DateCollectionViewCell.xib; sourceTree = "<group>"; };
		34D224B01E4D6341004FF1A4 /* TimeCollectionViewCell.h */ = {isa = PBXFileReference; fileEncoding = 4; lastKnownFileType = sourcecode.c.h; path = TimeCollectionViewCell.h; sourceTree = "<group>"; };
		34D224B11E4D6341004FF1A4 /* TimeCollectionViewCell.m */ = {isa = PBXFileReference; fileEncoding = 4; lastKnownFileType = sourcecode.c.objc; path = TimeCollectionViewCell.m; sourceTree = "<group>"; };
		34D224B31E4D6377004FF1A4 /* TimeTableViewCell.h */ = {isa = PBXFileReference; fileEncoding = 4; lastKnownFileType = sourcecode.c.h; path = TimeTableViewCell.h; sourceTree = "<group>"; };
		34D224B41E4D6377004FF1A4 /* TimeTableViewCell.m */ = {isa = PBXFileReference; fileEncoding = 4; lastKnownFileType = sourcecode.c.objc; path = TimeTableViewCell.m; sourceTree = "<group>"; };
/* End PBXFileReference section */

/* Begin PBXFrameworksBuildPhase section */
		34D2244F1E4C2C5D004FF1A4 /* Frameworks */ = {
			isa = PBXFrameworksBuildPhase;
			buildActionMask = 2147483647;
			files = (
			);
			runOnlyForDeploymentPostprocessing = 0;
		};
		34D224681E4C2C5D004FF1A4 /* Frameworks */ = {
			isa = PBXFrameworksBuildPhase;
			buildActionMask = 2147483647;
			files = (
			);
			runOnlyForDeploymentPostprocessing = 0;
		};
		34D224731E4C2C5D004FF1A4 /* Frameworks */ = {
			isa = PBXFrameworksBuildPhase;
			buildActionMask = 2147483647;
			files = (
			);
			runOnlyForDeploymentPostprocessing = 0;
		};
/* End PBXFrameworksBuildPhase section */

/* Begin PBXGroup section */
		34D224491E4C2C5D004FF1A4 = {
			isa = PBXGroup;
			children = (
				34D224541E4C2C5D004FF1A4 /* WFAssignment */,
				34D2246E1E4C2C5D004FF1A4 /* WFAssignmentTests */,
				34D224791E4C2C5D004FF1A4 /* WFAssignmentUITests */,
				34D224531E4C2C5D004FF1A4 /* Products */,
			);
			sourceTree = "<group>";
		};
		34D224531E4C2C5D004FF1A4 /* Products */ = {
			isa = PBXGroup;
			children = (
				34D224521E4C2C5D004FF1A4 /* WFAssignment.app */,
				34D2246B1E4C2C5D004FF1A4 /* WFAssignmentTests.xctest */,
				34D224761E4C2C5D004FF1A4 /* WFAssignmentUITests.xctest */,
			);
			name = Products;
			sourceTree = "<group>";
		};
		34D224541E4C2C5D004FF1A4 /* WFAssignment */ = {
			isa = PBXGroup;
			children = (
				34D224581E4C2C5D004FF1A4 /* AppDelegate.h */,
				34D224591E4C2C5D004FF1A4 /* AppDelegate.m */,
				34D2245B1E4C2C5D004FF1A4 /* ViewController.h */,
				34D2245C1E4C2C5D004FF1A4 /* ViewController.m */,
				34D2245E1E4C2C5D004FF1A4 /* Main.storyboard */,
				34D224991E4C66A9004FF1A4 /* ServiceViewController.h */,
				34D2249A1E4C66A9004FF1A4 /* ServiceViewController.m */,
				34D224A01E4CFB77004FF1A4 /* ScheduleViewController.h */,
				34D224A11E4CFB77004FF1A4 /* ScheduleViewController.m */,
				34D224A31E4CFCD2004FF1A4 /* ScheduleViewCells */,
				34D2249F1E4CF437004FF1A4 /* Cells */,
				34D224611E4C2C5D004FF1A4 /* Assets.xcassets */,
				34D224631E4C2C5D004FF1A4 /* LaunchScreen.storyboard */,
				34D224661E4C2C5D004FF1A4 /* Info.plist */,
				34D224551E4C2C5D004FF1A4 /* Supporting Files */,
			);
			path = WFAssignment;
			sourceTree = "<group>";
		};
		34D224551E4C2C5D004FF1A4 /* Supporting Files */ = {
			isa = PBXGroup;
			children = (
				34D224561E4C2C5D004FF1A4 /* main.m */,
				34D224931E4C6647004FF1A4 /* page1.png */,
				34D224951E4C664E004FF1A4 /* page2.png */,
				34D224971E4C6652004FF1A4 /* page3.png */,
			);
			name = "Supporting Files";
			sourceTree = "<group>";
		};
		34D2246E1E4C2C5D004FF1A4 /* WFAssignmentTests */ = {
			isa = PBXGroup;
			children = (
				34D2246F1E4C2C5D004FF1A4 /* WFAssignmentTests.m */,
				34D224711E4C2C5D004FF1A4 /* Info.plist */,
			);
			path = WFAssignmentTests;
			sourceTree = "<group>";
		};
		34D224791E4C2C5D004FF1A4 /* WFAssignmentUITests */ = {
			isa = PBXGroup;
			children = (
				34D2247A1E4C2C5D004FF1A4 /* WFAssignmentUITests.m */,
				34D2247C1E4C2C5D004FF1A4 /* Info.plist */,
			);
			path = WFAssignmentUITests;
			sourceTree = "<group>";
		};
		34D2249F1E4CF437004FF1A4 /* Cells */ = {
			isa = PBXGroup;
			children = (
				34D2248C1E4C3FB4004FF1A4 /* ReservationCollectionViewCell.h */,
				34D2248D1E4C3FB4004FF1A4 /* ReservationCollectionViewCell.m */,
				34D2248E1E4C3FB4004FF1A4 /* ReservationCollectionViewCell.xib */,
				34D2249C1E4C7CBD004FF1A4 /* ServiceTableViewCell.h */,
				34D2249D1E4C7CBD004FF1A4 /* ServiceTableViewCell.m */,
			);
			name = Cells;
			sourceTree = "<group>";
		};
		34D224A31E4CFCD2004FF1A4 /* ScheduleViewCells */ = {
			isa = PBXGroup;
			children = (
				34D224A41E4CFCFB004FF1A4 /* InfomationTableViewCell.h */,
				34D224A51E4CFCFB004FF1A4 /* InfomationTableViewCell.m */,
				34D224A71E4D2E0D004FF1A4 /* MonthTableViewCell.h */,
				34D224A81E4D2E0D004FF1A4 /* MonthTableViewCell.m */,
				34D224B31E4D6377004FF1A4 /* TimeTableViewCell.h */,
				34D224B41E4D6377004FF1A4 /* TimeTableViewCell.m */,
				34D224AA1E4D30DB004FF1A4 /* CollectionView Cells */,
			);
			name = ScheduleViewCells;
			sourceTree = "<group>";
		};
		34D224AA1E4D30DB004FF1A4 /* CollectionView Cells */ = {
			isa = PBXGroup;
			children = (
				34D224AB1E4D310F004FF1A4 /* DateCollectionViewCell.h */,
				34D224AC1E4D310F004FF1A4 /* DateCollectionViewCell.m */,
				34D224AD1E4D310F004FF1A4 /* DateCollectionViewCell.xib */,
				34D224B01E4D6341004FF1A4 /* TimeCollectionViewCell.h */,
				34D224B11E4D6341004FF1A4 /* TimeCollectionViewCell.m */,
			);
			name = "CollectionView Cells";
			sourceTree = "<group>";
		};
/* End PBXGroup section */

/* Begin PBXNativeTarget section */
		34D224511E4C2C5D004FF1A4 /* WFAssignment */ = {
			isa = PBXNativeTarget;
			buildConfigurationList = 34D2247F1E4C2C5D004FF1A4 /* Build configuration list for PBXNativeTarget "WFAssignment" */;
			buildPhases = (
				34D2244E1E4C2C5D004FF1A4 /* Sources */,
				34D2244F1E4C2C5D004FF1A4 /* Frameworks */,
				34D224501E4C2C5D004FF1A4 /* Resources */,
			);
			buildRules = (
			);
			dependencies = (
			);
			name = WFAssignment;
			productName = WFAssignment;
			productReference = 34D224521E4C2C5D004FF1A4 /* WFAssignment.app */;
			productType = "com.apple.product-type.application";
		};
		34D2246A1E4C2C5D004FF1A4 /* WFAssignmentTests */ = {
			isa = PBXNativeTarget;
			buildConfigurationList = 34D224821E4C2C5D004FF1A4 /* Build configuration list for PBXNativeTarget "WFAssignmentTests" */;
			buildPhases = (
				34D224671E4C2C5D004FF1A4 /* Sources */,
				34D224681E4C2C5D004FF1A4 /* Frameworks */,
				34D224691E4C2C5D004FF1A4 /* Resources */,
			);
			buildRules = (
			);
			dependencies = (
				34D2246D1E4C2C5D004FF1A4 /* PBXTargetDependency */,
			);
			name = WFAssignmentTests;
			productName = WFAssignmentTests;
			productReference = 34D2246B1E4C2C5D004FF1A4 /* WFAssignmentTests.xctest */;
			productType = "com.apple.product-type.bundle.unit-test";
		};
		34D224751E4C2C5D004FF1A4 /* WFAssignmentUITests */ = {
			isa = PBXNativeTarget;
			buildConfigurationList = 34D224851E4C2C5D004FF1A4 /* Build configuration list for PBXNativeTarget "WFAssignmentUITests" */;
			buildPhases = (
				34D224721E4C2C5D004FF1A4 /* Sources */,
				34D224731E4C2C5D004FF1A4 /* Frameworks */,
				34D224741E4C2C5D004FF1A4 /* Resources */,
			);
			buildRules = (
			);
			dependencies = (
				34D224781E4C2C5D004FF1A4 /* PBXTargetDependency */,
			);
			name = WFAssignmentUITests;
			productName = WFAssignmentUITests;
			productReference = 34D224761E4C2C5D004FF1A4 /* WFAssignmentUITests.xctest */;
			productType = "com.apple.product-type.bundle.ui-testing";
		};
/* End PBXNativeTarget section */

/* Begin PBXProject section */
		34D2244A1E4C2C5D004FF1A4 /* Project object */ = {
			isa = PBXProject;
			attributes = {
				LastUpgradeCheck = 0800;
				ORGANIZATIONNAME = "Zhang Xu";
				TargetAttributes = {
					34D224511E4C2C5D004FF1A4 = {
						CreatedOnToolsVersion = 8.0;
						DevelopmentTeam = 7G6A88N2VE;
						ProvisioningStyle = Automatic;
					};
					34D2246A1E4C2C5D004FF1A4 = {
						CreatedOnToolsVersion = 8.0;
						DevelopmentTeam = 7G6A88N2VE;
						ProvisioningStyle = Automatic;
						TestTargetID = 34D224511E4C2C5D004FF1A4;
					};
					34D224751E4C2C5D004FF1A4 = {
						CreatedOnToolsVersion = 8.0;
						DevelopmentTeam = 7G6A88N2VE;
						ProvisioningStyle = Automatic;
						TestTargetID = 34D224511E4C2C5D004FF1A4;
					};
				};
			};
			buildConfigurationList = 34D2244D1E4C2C5D004FF1A4 /* Build configuration list for PBXProject "WFAssignment" */;
			compatibilityVersion = "Xcode 3.2";
			developmentRegion = English;
			hasScannedForEncodings = 0;
			knownRegions = (
				en,
				Base,
			);
			mainGroup = 34D224491E4C2C5D004FF1A4;
			productRefGroup = 34D224531E4C2C5D004FF1A4 /* Products */;
			projectDirPath = "";
			projectRoot = "";
			targets = (
				34D224511E4C2C5D004FF1A4 /* WFAssignment */,
				34D2246A1E4C2C5D004FF1A4 /* WFAssignmentTests */,
				34D224751E4C2C5D004FF1A4 /* WFAssignmentUITests */,
			);
		};
/* End PBXProject section */

/* Begin PBXResourcesBuildPhase section */
		34D224501E4C2C5D004FF1A4 /* Resources */ = {
			isa = PBXResourcesBuildPhase;
			buildActionMask = 2147483647;
			files = (
				34D224AF1E4D310F004FF1A4 /* DateCollectionViewCell.xib in Resources */,
				34D224651E4C2C5D004FF1A4 /* LaunchScreen.storyboard in Resources */,
				34D224941E4C6647004FF1A4 /* page1.png in Resources */,
				34D224901E4C3FB4004FF1A4 /* ReservationCollectionViewCell.xib in Resources */,
				34D224621E4C2C5D004FF1A4 /* Assets.xcassets in Resources */,
				34D224601E4C2C5D004FF1A4 /* Main.storyboard in Resources */,
				34D224961E4C664E004FF1A4 /* page2.png in Resources */,
				34D224981E4C6652004FF1A4 /* page3.png in Resources */,
			);
			runOnlyForDeploymentPostprocessing = 0;
		};
		34D224691E4C2C5D004FF1A4 /* Resources */ = {
			isa = PBXResourcesBuildPhase;
			buildActionMask = 2147483647;
			files = (
			);
			runOnlyForDeploymentPostprocessing = 0;
		};
		34D224741E4C2C5D004FF1A4 /* Resources */ = {
			isa = PBXResourcesBuildPhase;
			buildActionMask = 2147483647;
			files = (
			);
			runOnlyForDeploymentPostprocessing = 0;
		};
/* End PBXResourcesBuildPhase section */

/* Begin PBXSourcesBuildPhase section */
		34D2244E1E4C2C5D004FF1A4 /* Sources */ = {
			isa = PBXSourcesBuildPhase;
			buildActionMask = 2147483647;
			files = (
				34D2245D1E4C2C5D004FF1A4 /* ViewController.m in Sources */,
				34D2245A1E4C2C5D004FF1A4 /* AppDelegate.m in Sources */,
				34D224571E4C2C5D004FF1A4 /* main.m in Sources */,
				34D224A61E4CFCFB004FF1A4 /* InfomationTableViewCell.m in Sources */,
				34D224AE1E4D310F004FF1A4 /* DateCollectionViewCell.m in Sources */,
				34D2249B1E4C66A9004FF1A4 /* ServiceViewController.m in Sources */,
				34D224A91E4D2E0D004FF1A4 /* MonthTableViewCell.m in Sources */,
				34D224B21E4D6341004FF1A4 /* TimeCollectionViewCell.m in Sources */,
				34D224B51E4D6377004FF1A4 /* TimeTableViewCell.m in Sources */,
				34D2248F1E4C3FB4004FF1A4 /* ReservationCollectionViewCell.m in Sources */,
				34D224A21E4CFB77004FF1A4 /* ScheduleViewController.m in Sources */,
				34D2249E1E4C7CBD004FF1A4 /* ServiceTableViewCell.m in Sources */,
			);
			runOnlyForDeploymentPostprocessing = 0;
		};
		34D224671E4C2C5D004FF1A4 /* Sources */ = {
			isa = PBXSourcesBuildPhase;
			buildActionMask = 2147483647;
			files = (
				34D224701E4C2C5D004FF1A4 /* WFAssignmentTests.m in Sources */,
			);
			runOnlyForDeploymentPostprocessing = 0;
		};
		34D224721E4C2C5D004FF1A4 /* Sources */ = {
			isa = PBXSourcesBuildPhase;
			buildActionMask = 2147483647;
			files = (
				34D2247B1E4C2C5D004FF1A4 /* WFAssignmentUITests.m in Sources */,
			);
			runOnlyForDeploymentPostprocessing = 0;
		};
/* End PBXSourcesBuildPhase section */

/* Begin PBXTargetDependency section */
		34D2246D1E4C2C5D004FF1A4 /* PBXTargetDependency */ = {
			isa = PBXTargetDependency;
			target = 34D224511E4C2C5D004FF1A4 /* WFAssignment */;
			targetProxy = 34D2246C1E4C2C5D004FF1A4 /* PBXContainerItemProxy */;
		};
		34D224781E4C2C5D004FF1A4 /* PBXTargetDependency */ = {
			isa = PBXTargetDependency;
			target = 34D224511E4C2C5D004FF1A4 /* WFAssignment */;
			targetProxy = 34D224771E4C2C5D004FF1A4 /* PBXContainerItemProxy */;
		};
/* End PBXTargetDependency section */

/* Begin PBXVariantGroup section */
		34D2245E1E4C2C5D004FF1A4 /* Main.storyboard */ = {
			isa = PBXVariantGroup;
			children = (
				34D2245F1E4C2C5D004FF1A4 /* Base */,
			);
			name = Main.storyboard;
			sourceTree = "<group>";
		};
		34D224631E4C2C5D004FF1A4 /* LaunchScreen.storyboard */ = {
			isa = PBXVariantGroup;
			children = (
				34D224641E4C2C5D004FF1A4 /* Base */,
			);
			name = LaunchScreen.storyboard;
			sourceTree = "<group>";
		};
/* End PBXVariantGroup section */

/* Begin XCBuildConfiguration section */
		34D2247D1E4C2C5D004FF1A4 /* Debug */ = {
			isa = XCBuildConfiguration;
			buildSettings = {
				ALWAYS_SEARCH_USER_PATHS = NO;
				CLANG_ANALYZER_NONNULL = YES;
				CLANG_CXX_LANGUAGE_STANDARD = "gnu++0x";
				CLANG_CXX_LIBRARY = "libc++";
				CLANG_ENABLE_MODULES = YES;
				CLANG_ENABLE_OBJC_ARC = YES;
				CLANG_WARN_BOOL_CONVERSION = YES;
				CLANG_WARN_CONSTANT_CONVERSION = YES;
				CLANG_WARN_DIRECT_OBJC_ISA_USAGE = YES_ERROR;
				CLANG_WARN_DOCUMENTATION_COMMENTS = YES;
				CLANG_WARN_EMPTY_BODY = YES;
				CLANG_WARN_ENUM_CONVERSION = YES;
				CLANG_WARN_INFINITE_RECURSION = YES;
				CLANG_WARN_INT_CONVERSION = YES;
				CLANG_WARN_OBJC_ROOT_CLASS = YES_ERROR;
				CLANG_WARN_SUSPICIOUS_MOVES = YES;
				CLANG_WARN_UNREACHABLE_CODE = YES;
				CLANG_WARN__DUPLICATE_METHOD_MATCH = YES;
				"CODE_SIGN_IDENTITY[sdk=iphoneos*]" = "iPhone Developer";
				COPY_PHASE_STRIP = NO;
				DEBUG_INFORMATION_FORMAT = dwarf;
				ENABLE_STRICT_OBJC_MSGSEND = YES;
				ENABLE_TESTABILITY = YES;
				GCC_C_LANGUAGE_STANDARD = gnu99;
				GCC_DYNAMIC_NO_PIC = NO;
				GCC_NO_COMMON_BLOCKS = YES;
				GCC_OPTIMIZATION_LEVEL = 0;
				GCC_PREPROCESSOR_DEFINITIONS = (
					"DEBUG=1",
					"$(inherited)",
				);
				GCC_WARN_64_TO_32_BIT_CONVERSION = YES;
				GCC_WARN_ABOUT_RETURN_TYPE = YES_ERROR;
				GCC_WARN_UNDECLARED_SELECTOR = YES;
				GCC_WARN_UNINITIALIZED_AUTOS = YES_AGGRESSIVE;
				GCC_WARN_UNUSED_FUNCTION = YES;
				GCC_WARN_UNUSED_VARIABLE = YES;
				IPHONEOS_DEPLOYMENT_TARGET = 10.0;
				MTL_ENABLE_DEBUG_INFO = YES;
				ONLY_ACTIVE_ARCH = YES;
				SDKROOT = iphoneos;
			};
			name = Debug;
		};
		34D2247E1E4C2C5D004FF1A4 /* Release */ = {
			isa = XCBuildConfiguration;
			buildSettings = {
				ALWAYS_SEARCH_USER_PATHS = NO;
				CLANG_ANALYZER_NONNULL = YES;
				CLANG_CXX_LANGUAGE_STANDARD = "gnu++0x";
				CLANG_CXX_LIBRARY = "libc++";
				CLANG_ENABLE_MODULES = YES;
				CLANG_ENABLE_OBJC_ARC = YES;
				CLANG_WARN_BOOL_CONVERSION = YES;
				CLANG_WARN_CONSTANT_CONVERSION = YES;
				CLANG_WARN_DIRECT_OBJC_ISA_USAGE = YES_ERROR;
				CLANG_WARN_DOCUMENTATION_COMMENTS = YES;
				CLANG_WARN_EMPTY_BODY = YES;
				CLANG_WARN_ENUM_CONVERSION = YES;
				CLANG_WARN_INFINITE_RECURSION = YES;
				CLANG_WARN_INT_CONVERSION = YES;
				CLANG_WARN_OBJC_ROOT_CLASS = YES_ERROR;
				CLANG_WARN_SUSPICIOUS_MOVES = YES;
				CLANG_WARN_UNREACHABLE_CODE = YES;
				CLANG_WARN__DUPLICATE_METHOD_MATCH = YES;
				"CODE_SIGN_IDENTITY[sdk=iphoneos*]" = "iPhone Developer";
				COPY_PHASE_STRIP = NO;
				DEBUG_INFORMATION_FORMAT = "dwarf-with-dsym";
				ENABLE_NS_ASSERTIONS = NO;
				ENABLE_STRICT_OBJC_MSGSEND = YES;
				GCC_C_LANGUAGE_STANDARD = gnu99;
				GCC_NO_COMMON_BLOCKS = YES;
				GCC_WARN_64_TO_32_BIT_CONVERSION = YES;
				GCC_WARN_ABOUT_RETURN_TYPE = YES_ERROR;
				GCC_WARN_UNDECLARED_SELECTOR = YES;
				GCC_WARN_UNINITIALIZED_AUTOS = YES_AGGRESSIVE;
				GCC_WARN_UNUSED_FUNCTION = YES;
				GCC_WARN_UNUSED_VARIABLE = YES;
				IPHONEOS_DEPLOYMENT_TARGET = 10.0;
				MTL_ENABLE_DEBUG_INFO = NO;
				SDKROOT = iphoneos;
				VALIDATE_PRODUCT = YES;
			};
			name = Release;
		};
		34D224801E4C2C5D004FF1A4 /* Debug */ = {
			isa = XCBuildConfiguration;
			buildSettings = {
				ASSETCATALOG_COMPILER_APPICON_NAME = AppIcon;
				DEVELOPMENT_TEAM = 7G6A88N2VE;
				INFOPLIST_FILE = WFAssignment/Info.plist;
				LD_RUNPATH_SEARCH_PATHS = "$(inherited) @executable_path/Frameworks";
				PRODUCT_BUNDLE_IDENTIFIER = com.test.WFAssignment;
				PRODUCT_NAME = "$(TARGET_NAME)";
			};
			name = Debug;
		};
		34D224811E4C2C5D004FF1A4 /* Release */ = {
			isa = XCBuildConfiguration;
			buildSettings = {
				ASSETCATALOG_COMPILER_APPICON_NAME = AppIcon;
				DEVELOPMENT_TEAM = 7G6A88N2VE;
				INFOPLIST_FILE = WFAssignment/Info.plist;
				LD_RUNPATH_SEARCH_PATHS = "$(inherited) @executable_path/Frameworks";
				PRODUCT_BUNDLE_IDENTIFIER = com.test.WFAssignment;
				PRODUCT_NAME = "$(TARGET_NAME)";
			};
			name = Release;
		};
		34D224831E4C2C5D004FF1A4 /* Debug */ = {
			isa = XCBuildConfiguration;
			buildSettings = {
				BUNDLE_LOADER = "$(TEST_HOST)";
				DEVELOPMENT_TEAM = 7G6A88N2VE;
				INFOPLIST_FILE = WFAssignmentTests/Info.plist;
				LD_RUNPATH_SEARCH_PATHS = "$(inherited) @executable_path/Frameworks @loader_path/Frameworks";
				PRODUCT_BUNDLE_IDENTIFIER = com.test.WFAssignmentTests;
				PRODUCT_NAME = "$(TARGET_NAME)";
				TEST_HOST = "$(BUILT_PRODUCTS_DIR)/WFAssignment.app/WFAssignment";
			};
			name = Debug;
		};
		34D224841E4C2C5D004FF1A4 /* Release */ = {
			isa = XCBuildConfiguration;
			buildSettings = {
				BUNDLE_LOADER = "$(TEST_HOST)";
				DEVELOPMENT_TEAM = 7G6A88N2VE;
				INFOPLIST_FILE = WFAssignmentTests/Info.plist;
				LD_RUNPATH_SEARCH_PATHS = "$(inherited) @executable_path/Frameworks @loader_path/Frameworks";
				PRODUCT_BUNDLE_IDENTIFIER = com.test.WFAssignmentTests;
				PRODUCT_NAME = "$(TARGET_NAME)";
				TEST_HOST = "$(BUILT_PRODUCTS_DIR)/WFAssignment.app/WFAssignment";
			};
			name = Release;
		};
		34D224861E4C2C5D004FF1A4 /* Debug */ = {
			isa = XCBuildConfiguration;
			buildSettings = {
				DEVELOPMENT_TEAM = 7G6A88N2VE;
				INFOPLIST_FILE = WFAssignmentUITests/Info.plist;
				LD_RUNPATH_SEARCH_PATHS = "$(inherited) @executable_path/Frameworks @loader_path/Frameworks";
				PRODUCT_BUNDLE_IDENTIFIER = com.test.WFAssignmentUITests;
				PRODUCT_NAME = "$(TARGET_NAME)";
				TEST_TARGET_NAME = WFAssignment;
			};
			name = Debug;
		};
		34D224871E4C2C5D004FF1A4 /* Release */ = {
			isa = XCBuildConfiguration;
			buildSettings = {
				DEVELOPMENT_TEAM = 7G6A88N2VE;
				INFOPLIST_FILE = WFAssignmentUITests/Info.plist;
				LD_RUNPATH_SEARCH_PATHS = "$(inherited) @executable_path/Frameworks @loader_path/Frameworks";
				PRODUCT_BUNDLE_IDENTIFIER = com.test.WFAssignmentUITests;
				PRODUCT_NAME = "$(TARGET_NAME)";
				TEST_TARGET_NAME = WFAssignment;
			};
			name = Release;
		};
/* End XCBuildConfiguration section */

/* Begin XCConfigurationList section */
		34D2244D1E4C2C5D004FF1A4 /* Build configuration list for PBXProject "WFAssignment" */ = {
			isa = XCConfigurationList;
			buildConfigurations = (
				34D2247D1E4C2C5D004FF1A4 /* Debug */,
				34D2247E1E4C2C5D004FF1A4 /* Release */,
			);
			defaultConfigurationIsVisible = 0;
			defaultConfigurationName = Release;
		};
		34D2247F1E4C2C5D004FF1A4 /* Build configuration list for PBXNativeTarget "WFAssignment" */ = {
			isa = XCConfigurationList;
			buildConfigurations = (
				34D224801E4C2C5D004FF1A4 /* Debug */,
				34D224811E4C2C5D004FF1A4 /* Release */,
			);
			defaultConfigurationIsVisible = 0;
			defaultConfigurationName = Release;
		};
		34D224821E4C2C5D004FF1A4 /* Build configuration list for PBXNativeTarget "WFAssignmentTests" */ = {
			isa = XCConfigurationList;
			buildConfigurations = (
				34D224831E4C2C5D004FF1A4 /* Debug */,
				34D224841E4C2C5D004FF1A4 /* Release */,
			);
			defaultConfigurationIsVisible = 0;
			defaultConfigurationName = Release;
		};
		34D224851E4C2C5D004FF1A4 /* Build configuration list for PBXNativeTarget "WFAssignmentUITests" */ = {
			isa = XCConfigurationList;
			buildConfigurations = (
				34D224861E4C2C5D004FF1A4 /* Debug */,
				34D224871E4C2C5D004FF1A4 /* Release */,
			);
			defaultConfigurationIsVisible = 0;
			defaultConfigurationName = Release;
		};
/* End XCConfigurationList section */
	};
	rootObject = 34D2244A1E4C2C5D004FF1A4 /* Project object */;
}
